{
  "name": "bench-node-memory-spike-plugin",
  "version": "1.0.0",
  "lockfileVersion": 3,
  "requires": true,
  "packages": {
    "": {
      "name": "bench-node-memory-spike-plugin",
      "version": "1.0.0",
      "license": "ISC",
      "devDependencies": {
        "bench-node": "^0.2.1"
      }
    },
    "node_modules/bench-node": {
      "version": "0.2.1",
      "resolved": "https://registry.npmjs.org/bench-node/-/bench-node-0.2.1.tgz",
      "integrity": "sha512-KpzrH3iC8NwdrZJj0CQb0ypjF2JxTIm89WyiCNnsp/5jpEW9B+cof2qBu/8UruI+C7GlqJv1SVe0KU11mDTtFQ==",
      "dev": true,
      "license": "MIT"
    }
  }
}
